
Microsoft Visual Studio Solution File, Format Version 12.00
# Visual Studio Version 16
VisualStudioVersion = 16.0.29318.209
MinimumVisualStudioVersion = 10.0.40219.1
Project("{FAE04EC0-301F-11D3-BF4B-00C04F79EFBC}") = "math_for_lu", "math_for_lu.csproj", "{F1E6D5C5-8507-48F1-97E5-D17BBCFEC644}"
EndProject
Global
	GlobalSection(SolutionConfigurationPlatforms) = preSolution
		Debug|Any CPU = Debug|Any CPU
		Release|Any CPU = Release|Any CPU
	EndGlobalSection
	GlobalSection(ProjectConfigurationPlatforms) = postSolution
		{F1E6D5C5-8507-48F1-97E5-D17BBCFEC644}.Debug|Any CPU.ActiveCfg = Debug|Any CPU
		{F1E6D5C5-8507-48F1-97E5-D17BBCFEC644}.Debug|Any CPU.Build.0 = Debug|Any CPU
		{F1E6D5C5-8507-48F1-97E5-D17BBCFEC644}.Release|Any CPU.ActiveCfg = Release|Any CPU
		{F1E6D5C5-8507-48F1-97E5-D17BBCFEC644}.Release|Any CPU.Build.0 = Release|Any CPU
	EndGlobalSection
	GlobalSection(SolutionProperties) = preSolution
		HideSolutionNode = FALSE
	EndGlobalSection
	GlobalSection(ExtensibilityGlobals) = postSolution
		SolutionGuid = {3652F895-4143-4FDA-BBA2-45C12EE515D0}
	EndGlobalSection
EndGlobal
